// !$*UTF8*$!
{
	archiveVersion = 1;
	classes = {
	};
	objectVersion = 46;
	objects = {

/* Begin PBXBuildFile section */
		A0C194D01A66DE07006B935B /* main.m in Sources */ = {isa = PBXBuildFile; fileRef = A0C194CF1A66DE07006B935B /* main.m */; };
		A0C194D31A66DE07006B935B /* AppDelegate.m in Sources */ = {isa = PBXBuildFile; fileRef = A0C194D21A66DE07006B935B /* AppDelegate.m */; };
		A0C194D61A66DE07006B935B /* FordDemo.xcdatamodeld in Sources */ = {isa = PBXBuildFile; fileRef = A0C194D41A66DE07006B935B /* FordDemo.xcdatamodeld */; };
		A0C194D91A66DE07006B935B /* ViewController.m in Sources */ = {isa = PBXBuildFile; fileRef = A0C194D81A66DE07006B935B /* ViewController.m */; };
		A0C194DC1A66DE07006B935B /* Main.storyboard in Resources */ = {isa = PBXBuildFile; fileRef = A0C194DA1A66DE07006B935B /* Main.storyboard */; };
		A0C194DE1A66DE07006B935B /* Images.xcassets in Resources */ = {isa = PBXBuildFile; fileRef = A0C194DD1A66DE07006B935B /* Images.xcassets */; };
		A0C194E11A66DE07006B935B /* LaunchScreen.xib in Resources */ = {isa = PBXBuildFile; fileRef = A0C194DF1A66DE07006B935B /* LaunchScreen.xib */; };
		A0C194ED1A66DE07006B935B /* FordDemoTests.m in Sources */ = {isa = PBXBuildFile; fileRef = A0C194EC1A66DE07006B935B /* FordDemoTests.m */; };
/* End PBXBuildFile section */

/* Begin PBXContainerItemProxy section */
		A0C194E71A66DE07006B935B /* PBXContainerItemProxy */ = {
			isa = PBXContainerItemProxy;
			containerPortal = A0C194C21A66DE07006B935B /* Project object */;
			proxyType = 1;
			remoteGlobalIDString = A0C194C91A66DE07006B935B;
			remoteInfo = FordDemo;
		};
/* End PBXContainerItemProxy section */

/* Begin PBXFileReference section */
		A0C194CA1A66DE07006B935B /* FordDemo.app */ = {isa = PBXFileReference; explicitFileType = wrapper.application; includeInIndex = 0; path = FordDemo.app; sourceTree = BUILT_PRODUCTS_DIR; };
		A0C194CE1A66DE07006B935B /* Info.plist */ = {isa = PBXFileReference; lastKnownFileType = text.plist.xml; path = Info.plist; sourceTree = "<group>"; };
		A0C194CF1A66DE07006B935B /* main.m */ = {isa = PBXFileReference; lastKnownFileType = sourcecode.c.objc; path = main.m; sourceTree = "<group>"; };
		A0C194D11A66DE07006B935B /* AppDelegate.h */ = {isa = PBXFileReference; lastKnownFileType = sourcecode.c.h; path = AppDelegate.h; sourceTree = "<group>"; };
		A0C194D21A66DE07006B935B /* AppDelegate.m */ = {isa = PBXFileReference; lastKnownFileType = sourcecode.c.objc; path = AppDelegate.m; sourceTree = "<group>"; };
		A0C194D51A66DE07006B935B /* FordDemo.xcdatamodel */ = {isa = PBXFileReference; lastKnownFileType = wrapper.xcdatamodel; path = FordDemo.xcdatamodel; sourceTree = "<group>"; };
		A0C194D71A66DE07006B935B /* ViewController.h */ = {isa = PBXFileReference; lastKnownFileType = sourcecode.c.h; path = ViewController.h; sourceTree = "<group>"; };
		A0C194D81A66DE07006B935B /* ViewController.m */ = {isa = PBXFileReference; lastKnownFileType = sourcecode.c.objc; path = ViewController.m; sourceTree = "<group>"; };
		A0C194DB1A66DE07006B935B /* Base */ = {isa = PBXFileReference; lastKnownFileType = file.storyboard; name = Base; path = Base.lproj/Main.storyboard; sourceTree = "<group>"; };
		A0C194DD1A66DE07006B935B /* Images.xcassets */ = {isa = PBXFileReference; lastKnownFileType = folder.assetcatalog; path = Images.xcassets; sourceTree = "<group>"; };
		A0C194E01A66DE07006B935B /* Base */ = {isa = PBXFileReference; lastKnownFileType = file.xib; name = Base; path = Base.lproj/LaunchScreen.xib; sourceTree = "<group>"; };
		A0C194E61A66DE07006B935B /* FordDemoTests.xctest */ = {isa = PBXFileReference; explicitFileType = wrapper.cfbundle; includeInIndex = 0; path = FordDemoTests.xctest; sourceTree = BUILT_PRODUCTS_DIR; };
		A0C194EB1A66DE07006B935B /* Info.plist */ = {isa = PBXFileReference; lastKnownFileType = text.plist.xml; path = Info.plist; sourceTree = "<group>"; };
		A0C194EC1A66DE07006B935B /* FordDemoTests.m */ = {isa = PBXFileReference; lastKnownFileType = sourcecode.c.objc; path = FordDemoTests.m; sourceTree = "<group>"; };
/* End PBXFileReference section */

/* Begin PBXFrameworksBuildPhase section */
		A0C194C71A66DE07006B935B /* Frameworks */ = {
			isa = PBXFrameworksBuildPhase;
			buildActionMask = 2147483647;
			files = (
			);
			runOnlyForDeploymentPostprocessing = 0;
		};
		A0C194E31A66DE07006B935B /* Frameworks */ = {
			isa = PBXFrameworksBuildPhase;
			buildActionMask = 2147483647;
			files = (
			);
			runOnlyForDeploymentPostprocessing = 0;
		};
/* End PBXFrameworksBuildPhase section */

/* Begin PBXGroup section */
		A0C194C11A66DE07006B935B = {
			isa = PBXGroup;
			children = (
				A0C194CC1A66DE07006B935B /* FordDemo */,
				A0C194E91A66DE07006B935B /* FordDemoTests */,
				A0C194CB1A66DE07006B935B /* Products */,
			);
			sourceTree = "<group>";
		};
		A0C194CB1A66DE07006B935B /* Products */ = {
			isa = PBXGroup;
			children = (
				A0C194CA1A66DE07006B935B /* FordDemo.app */,
				A0C194E61A66DE07006B935B /* FordDemoTests.xctest */,
			);
			name = Products;
			sourceTree = "<group>";
		};
		A0C194CC1A66DE07006B935B /* FordDemo */ = {
			isa = PBXGroup;
			children = (
				A0C194D11A66DE07006B935B /* AppDelegate.h */,
				A0C194D21A66DE07006B935B /* AppDelegate.m */,
				A0C194D71A66DE07006B935B /* ViewController.h */,
				A0C194D81A66DE07006B935B /* ViewController.m */,
				A0C194DA1A66DE07006B935B /* Main.storyboard */,
				A0C194DD1A66DE07006B935B /* Images.xcassets */,
				A0C194DF1A66DE07006B935B /* LaunchScreen.xib */,
				A0C194D41A66DE07006B935B /* FordDemo.xcdatamodeld */,
				A0C194CD1A66DE07006B935B /* Supporting Files */,
			);
			path = FordDemo;
			sourceTree = "<group>";
		};
		A0C194CD1A66DE07006B935B /* Supporting Files */ = {
			isa = PBXGroup;
			children = (
				A0C194CE1A66DE07006B935B /* Info.plist */,
				A0C194CF1A66DE07006B935B /* main.m */,
			);
			name = "Supporting Files";
			sourceTree = "<group>";
		};
		A0C194E91A66DE07006B935B /* FordDemoTests */ = {
			isa = PBXGroup;
			children = (
				A0C194EC1A66DE07006B935B /* FordDemoTests.m */,
				A0C194EA1A66DE07006B935B /* Supporting Files */,
			);
			path = FordDemoTests;
			sourceTree = "<group>";
		};
		A0C194EA1A66DE07006B935B /* Supporting Files */ = {
			isa = PBXGroup;
			children = (
				A0C194EB1A66DE07006B935B /* Info.plist */,
			);
			name = "Supporting Files";
			sourceTree = "<group>";
		};
/* End PBXGroup section */

/* Begin PBXNativeTarget section */
		A0C194C91A66DE07006B935B /* FordDemo */ = {
			isa = PBXNativeTarget;
			buildConfigurationList = A0C194F01A66DE07006B935B /* Build configuration list for PBXNativeTarget "FordDemo" */;
			buildPhases = (
				A0C194C61A66DE07006B935B /* Sources */,
				A0C194C71A66DE07006B935B /* Frameworks */,
				A0C194C81A66DE07006B935B /* Resources */,
			);
			buildRules = (
			);
			dependencies = (
			);
			name = FordDemo;
			productName = FordDemo;
			productReference = A0C194CA1A66DE07006B935B /* FordDemo.app */;
			productType = "com.apple.product-type.application";
		};
		A0C194E51A66DE07006B935B /* FordDemoTests */ = {
			isa = PBXNativeTarget;
			buildConfigurationList = A0C194F31A66DE07006B935B /* Build configuration list for PBXNativeTarget "FordDemoTests" */;
			buildPhases = (
				A0C194E21A66DE07006B935B /* Sources */,
				A0C194E31A66DE07006B935B /* Frameworks */,
				A0C194E41A66DE07006B935B /* Resources */,
			);
			buildRules = (
			);
			dependencies = (
				A0C194E81A66DE07006B935B /* PBXTargetDependency */,
			);
			name = FordDemoTests;
			productName = FordDemoTests;
			productReference = A0C194E61A66DE07006B935B /* FordDemoTests.xctest */;
			productType = "com.apple.product-type.bundle.unit-test";
		};
/* End PBXNativeTarget section */

/* Begin PBXProject section */
		A0C194C21A66DE07006B935B /* Project object */ = {
			isa = PBXProject;
			attributes = {
				LastUpgradeCheck = 0610;
				ORGANIZATIONNAME = Eduardo;
				TargetAttributes = {
					A0C194C91A66DE07006B935B = {
						CreatedOnToolsVersion = 6.1.1;
					};
					A0C194E51A66DE07006B935B = {
						CreatedOnToolsVersion = 6.1.1;
						TestTargetID = A0C194C91A66DE07006B935B;
					};
				};
			};
			buildConfigurationList = A0C194C51A66DE07006B935B /* Build configuration list for PBXProject "FordDemo" */;
			compatibilityVersion = "Xcode 3.2";
			developmentRegion = English;
			hasScannedForEncodings = 0;
			knownRegions = (
				en,
				Base,
			);
			mainGroup = A0C194C11A66DE07006B935B;
			productRefGroup = A0C194CB1A66DE07006B935B /* Products */;
			projectDirPath = "";
			projectRoot = "";
			targets = (
				A0C194C91A66DE07006B935B /* FordDemo */,
				A0C194E51A66DE07006B935B /* FordDemoTests */,
			);
		};
/* End PBXProject section */

/* Begin PBXResourcesBuildPhase section */
		A0C194C81A66DE07006B935B /* Resources */ = {
			isa = PBXResourcesBuildPhase;
			buildActionMask = 2147483647;
			files = (
				A0C194DC1A66DE07006B935B /* Main.storyboard in Resources */,
				A0C194E11A66DE07006B935B /* LaunchScreen.xib in Resources */,
				A0C194DE1A66DE07006B935B /* Images.xcassets in Resources */,
			);
			runOnlyForDeploymentPostprocessing = 0;
		};
		A0C194E41A66DE07006B935B /* Resources */ = {
			isa = PBXResourcesBuildPhase;
			buildActionMask = 2147483647;
			files = (
			);
			runOnlyForDeploymentPostprocessing = 0;
		};
/* End PBXResourcesBuildPhase section */

/* Begin PBXSourcesBuildPhase section */
		A0C194C61A66DE07006B935B /* Sources */ = {
			isa = PBXSourcesBuildPhase;
			buildActionMask = 2147483647;
			files = (
				A0C194D61A66DE07006B935B /* FordDemo.xcdatamodeld in Sources */,
				A0C194D31A66DE07006B935B /* AppDelegate.m in Sources */,
				A0C194D91A66DE07006B935B /* ViewController.m in Sources */,
				A0C194D01A66DE07006B935B /* main.m in Sources */,
			);
			runOnlyForDeploymentPostprocessing = 0;
		};
		A0C194E21A66DE07006B935B /* Sources */ = {
			isa = PBXSourcesBuildPhase;
			buildActionMask = 2147483647;
			files = (
				A0C194ED1A66DE07006B935B /* FordDemoTests.m in Sources */,
			);
			runOnlyForDeploymentPostprocessing = 0;
		};
/* End PBXSourcesBuildPhase section */

/* Begin PBXTargetDependency section */
		A0C194E81A66DE07006B935B /* PBXTargetDependency */ = {
			isa = PBXTargetDependency;
			target = A0C194C91A66DE07006B935B /* FordDemo */;
			targetProxy = A0C194E71A66DE07006B935B /* PBXContainerItemProxy */;
		};
/* End PBXTargetDependency section */

/* Begin PBXVariantGroup section */
		A0C194DA1A66DE07006B935B /* Main.storyboard */ = {
			isa = PBXVariantGroup;
			children = (
				A0C194DB1A66DE07006B935B /* Base */,
			);
			name = Main.storyboard;
			sourceTree = "<group>";
		};
		A0C194DF1A66DE07006B935B /* LaunchScreen.xib */ = {
			isa = PBXVariantGroup;
			children = (
				A0C194E01A66DE07006B935B /* Base */,
			);
			name = LaunchScreen.xib;
			sourceTree = "<group>";
		};
/* End PBXVariantGroup section */

/* Begin XCBuildConfiguration section */
		A0C194EE1A66DE07006B935B /* Debug */ = {
			isa = XCBuildConfiguration;
			buildSettings = {
				ALWAYS_SEARCH_USER_PATHS = NO;
				CLANG_CXX_LANGUAGE_STANDARD = "gnu++0x";
				CLANG_CXX_LIBRARY = "libc++";
				CLANG_ENABLE_MODULES = YES;
				CLANG_ENABLE_OBJC_ARC = YES;
				CLANG_WARN_BOOL_CONVERSION = YES;
				CLANG_WARN_CONSTANT_CONVERSION = YES;
				CLANG_WARN_DIRECT_OBJC_ISA_USAGE = YES_ERROR;
				CLANG_WARN_EMPTY_BODY = YES;
				CLANG_WARN_ENUM_CONVERSION = YES;
				CLANG_WARN_INT_CONVERSION = YES;
				CLANG_WARN_OBJC_ROOT_CLASS = YES_ERROR;
				CLANG_WARN_UNREACHABLE_CODE = YES;
				CLANG_WARN__DUPLICATE_METHOD_MATCH = YES;
				"CODE_SIGN_IDENTITY[sdk=iphoneos*]" = "iPhone Developer";
				COPY_PHASE_STRIP = NO;
				ENABLE_STRICT_OBJC_MSGSEND = YES;
				GCC_C_LANGUAGE_STANDARD = gnu99;
				GCC_DYNAMIC_NO_PIC = NO;
				GCC_OPTIMIZATION_LEVEL = 0;
				GCC_PREPROCESSOR_DEFINITIONS = (
					"DEBUG=1",
					"$(inherited)",
				);
				GCC_SYMBOLS_PRIVATE_EXTERN = NO;
				GCC_WARN_64_TO_32_BIT_CONVERSION = YES;
				GCC_WARN_ABOUT_RETURN_TYPE = YES_ERROR;
				GCC_WARN_UNDECLARED_SELECTOR = YES;
				GCC_WARN_UNINITIALIZED_AUTOS = YES_AGGRESSIVE;
				GCC_WARN_UNUSED_FUNCTION = YES;
				GCC_WARN_UNUSED_VARIABLE = YES;
				IPHONEOS_DEPLOYMENT_TARGET = 8.1;
				MTL_ENABLE_DEBUG_INFO = YES;
				ONLY_ACTIVE_ARCH = YES;
				SDKROOT = iphoneos;
				TARGETED_DEVICE_FAMILY = "1,2";
			};
			name = Debug;
		};
		A0C194EF1A66DE07006B935B /* Release */ = {
			isa = XCBuildConfiguration;
			buildSettings = {
				ALWAYS_SEARCH_USER_PATHS = NO;
				CLANG_CXX_LANGUAGE_STANDARD = "gnu++0x";
				CLANG_CXX_LIBRARY = "libc++";
				CLANG_ENABLE_MODULES = YES;
				CLANG_ENABLE_OBJC_ARC = YES;
				CLANG_WARN_BOOL_CONVERSION = YES;
				CLANG_WARN_CONSTANT_CONVERSION = YES;
				CLANG_WARN_DIRECT_OBJC_ISA_USAGE = YES_ERROR;
				CLANG_WARN_EMPTY_BODY = YES;
				CLANG_WARN_ENUM_CONVERSION = YES;
				CLANG_WARN_INT_CONVERSION = YES;
				CLANG_WARN_OBJC_ROOT_CLASS = YES_ERROR;
				CLANG_WARN_UNREACHABLE_CODE = YES;
				CLANG_WARN__DUPLICATE_METHOD_MATCH = YES;
				"CODE_SIGN_IDENTITY[sdk=iphoneos*]" = "iPhone Developer";
				COPY_PHASE_STRIP = YES;
				ENABLE_NS_ASSERTIONS = NO;
				ENABLE_STRICT_OBJC_MSGSEND = YES;
				GCC_C_LANGUAGE_STANDARD = gnu99;
				GCC_WARN_64_TO_32_BIT_CONVERSION = YES;
				GCC_WARN_ABOUT_RETURN_TYPE = YES_ERROR;
				GCC_WARN_UNDECLARED_SELECTOR = YES;
				GCC_WARN_UNINITIALIZED_AUTOS = YES_AGGRESSIVE;
				GCC_WARN_UNUSED_FUNCTION = YES;
				GCC_WARN_UNUSED_VARIABLE = YES;
				IPHONEOS_DEPLOYMENT_TARGET = 8.1;
				MTL_ENABLE_DEBUG_INFO = NO;
				SDKROOT = iphoneos;
				TARGETED_DEVICE_FAMILY = "1,2";
				VALIDATE_PRODUCT = YES;
			};
			name = Release;
		};
		A0C194F11A66DE07006B935B /* Debug */ = {
			isa = XCBuildConfiguration;
			buildSettings = {
				ASSETCATALOG_COMPILER_APPICON_NAME = AppIcon;
				INFOPLIST_FILE = FordDemo/Info.plist;
				LD_RUNPATH_SEARCH_PATHS = "$(inherited) @executable_path/Frameworks";
				PRODUCT_NAME = "$(TARGET_NAME)";
			};
			name = Debug;
		};
		A0C194F21A66DE07006B935B /* Release */ = {
			isa = XCBuildConfiguration;
			buildSettings = {
				ASSETCATALOG_COMPILER_APPICON_NAME = AppIcon;
				INFOPLIST_FILE = FordDemo/Info.plist;
				LD_RUNPATH_SEARCH_PATHS = "$(inherited) @executable_path/Frameworks";
				PRODUCT_NAME = "$(TARGET_NAME)";
			};
			name = Release;
		};
		A0C194F41A66DE07006B935B /* Debug */ = {
			isa = XCBuildConfiguration;
			buildSettings = {
				BUNDLE_LOADER = "$(TEST_HOST)";
				FRAMEWORK_SEARCH_PATHS = (
					"$(SDKROOT)/Developer/Library/Frameworks",
					"$(inherited)",
				);
				GCC_PREPROCESSOR_DEFINITIONS = (
					"DEBUG=1",
					"$(inherited)",
				);
				INFOPLIST_FILE = FordDemoTests/Info.plist;
				LD_RUNPATH_SEARCH_PATHS = "$(inherited) @executable_path/Frameworks @loader_path/Frameworks";
				PRODUCT_NAME = "$(TARGET_NAME)";
				TEST_HOST = "$(BUILT_PRODUCTS_DIR)/FordDemo.app/FordDemo";
			};
			name = Debug;
		};
		A0C194F51A66DE07006B935B /* Release */ = {
			isa = XCBuildConfiguration;
			buildSettings = {
				BUNDLE_LOADER = "$(TEST_HOST)";
				FRAMEWORK_SEARCH_PATHS = (
					"$(SDKROOT)/Developer/Library/Frameworks",
					"$(inherited)",
				);
				INFOPLIST_FILE = FordDemoTests/Info.plist;
				LD_RUNPATH_SEARCH_PATHS = "$(inherited) @executable_path/Frameworks @loader_path/Frameworks";
				PRODUCT_NAME = "$(TARGET_NAME)";
				TEST_HOST = "$(BUILT_PRODUCTS_DIR)/FordDemo.app/FordDemo";
			};
			name = Release;
		};
/* End XCBuildConfiguration section */

/* Begin XCConfigurationList section */
		A0C194C51A66DE07006B935B /* Build configuration list for PBXProject "FordDemo" */ = {
			isa = XCConfigurationList;
			buildConfigurations = (
				A0C194EE1A66DE07006B935B /* Debug */,
				A0C194EF1A66DE07006B935B /* Release */,
			);
			defaultConfigurationIsVisible = 0;
			defaultConfigurationName = Release;
		};
		A0C194F01A66DE07006B935B /* Build configuration list for PBXNativeTarget "FordDemo" */ = {
			isa = XCConfigurationList;
			buildConfigurations = (
				A0C194F11A66DE07006B935B /* Debug */,
				A0C194F21A66DE07006B935B /* Release */,
			);
			defaultConfigurationIsVisible = 0;
		};
		A0C194F31A66DE07006B935B /* Build configuration list for PBXNativeTarget "FordDemoTests" */ = {
			isa = XCConfigurationList;
			buildConfigurations = (
				A0C194F41A66DE07006B935B /* Debug */,
				A0C194F51A66DE07006B935B /* Release */,
			);
			defaultConfigurationIsVisible = 0;
		};
/* End XCConfigurationList section */

/* Begin XCVersionGroup section */
		A0C194D41A66DE07006B935B /* FordDemo.xcdatamodeld */ = {
			isa = XCVersionGroup;
			children = (
				A0C194D51A66DE07006B935B /* FordDemo.xcdatamodel */,
			);
			currentVersion = A0C194D51A66DE07006B935B /* FordDemo.xcdatamodel */;
			path = FordDemo.xcdatamodeld;
			sourceTree = "<group>";
			versionGroupType = wrapper.xcdatamodel;
		};
/* End XCVersionGroup section */
	};
	rootObject = A0C194C21A66DE07006B935B /* Project object */;
}
